
Microsoft Visual Studio Solution File, Format Version 12.00
# Visual Studio Version 17
VisualStudioVersion = 17.11.35327.3
MinimumVisualStudioVersion = 10.0.40219.1
Project("{FAE04EC0-301F-11D3-BF4B-00C04F79EFBC}") = "dbtest", "dbtest\dbtest.csproj", "{31A100B1-02CA-4B97-93F6-ACEE41D3BF2D}"
EndProject
Global
	GlobalSection(SolutionConfigurationPlatforms) = preSolution
		Debug|Any CPU = Debug|Any CPU
		Release|Any CPU = Release|Any CPU
	EndGlobalSection
	GlobalSection(ProjectConfigurationPlatforms) = postSolution
		{31A100B1-02CA-4B97-93F6-ACEE41D3BF2D}.Debug|Any CPU.ActiveCfg = Debug|Any CPU
		{31A100B1-02CA-4B97-93F6-ACEE41D3BF2D}.Debug|Any CPU.Build.0 = Debug|Any CPU
		{31A100B1-02CA-4B97-93F6-ACEE41D3BF2D}.Release|Any CPU.ActiveCfg = Release|Any CPU
		{31A100B1-02CA-4B97-93F6-ACEE41D3BF2D}.Release|Any CPU.Build.0 = Release|Any CPU
	EndGlobalSection
	GlobalSection(SolutionProperties) = preSolution
		HideSolutionNode = FALSE
	EndGlobalSection
	GlobalSection(ExtensibilityGlobals) = postSolution
		SolutionGuid = {298D855E-97A4-4110-95A9-F7549242B82E}
	EndGlobalSection
EndGlobal
